<?xml version="1.0" encoding="utf-8"?>
<Project ToolsVersion="4.0" xmlns="http://schemas.microsoft.com/developer/msbuild/2003">
  <ItemGroup>
    <ClCompile Include="src\Engine\Behavior\Behavior.cpp" />
    <ClCompile Include="src\Engine\Core\Bitmap.cpp" />
    <ClCompile Include="src\Engine\Core\Camera.cpp" />
    <ClCompile Include="src\Engine\Core\Cube.cpp" />
    <ClCompile Include="src\Engine\Core\GraphicsResource.cpp" />
    <ClCompile Include="src\Engine\Core\Group.cpp" />
    <ClCompile Include="src\Engine\Core\Light.cpp" />
    <ClCompile Include="src\Engine\Core\Mesh.cpp" />
    <ClCompile Include="src\Engine\Core\Node.cpp" />
    <ClCompile Include="src\Engine\Core\NodeTraverser.cpp" />
    <ClCompile Include="src\Engine\Core\RenderState.cpp" />
    <ClCompile Include="src\Engine\Core\Scene.cpp" />
    <ClCompile Include="src\Engine\Core\Shader.cpp" />
    <ClCompile Include="src\Engine\Core\Texture.cpp" />
    <ClCompile Include="src\Engine\Core\Transformable.cpp" />
    <ClCompile Include="src\Engine\Core\VertexBufferObject.cpp" />
    <ClCompile Include="src\Engine\Loader\Loader.cpp" />
    <ClCompile Include="src\Engine\Util\UserInputServer.cpp" />
    <ClCompile Include="src\Engine\Util\Util.cpp" />
    <ClCompile Include="src\Game\Behavior\CameraBehavior.cpp" />
    <ClCompile Include="src\Game\Behavior\MeshBehavior.cpp" />
    <ClCompile Include="src\Game\Loader\DummyLoader.cpp" />
    <ClCompile Include="src\Game\Loader\FileLoader.cpp" />
    <ClCompile Include="src\Game\Main\Game.cpp" />
    <ClCompile Include="src\Game\Main\MadMummies.cpp" />
  </ItemGroup>
  <ItemGroup>
    <ClInclude Include="src\Engine\Behavior\Behavior.h" />
    <ClInclude Include="src\Engine\Core\Bitmap.h" />
    <ClInclude Include="src\Engine\Core\Camera.h" />
    <ClInclude Include="src\Engine\Core\Cube.h" />
    <ClInclude Include="src\Engine\Core\GraphicsResource.h" />
    <ClInclude Include="src\Engine\Core\Group.h" />
    <ClInclude Include="src\Engine\Core\Light.h" />
    <ClInclude Include="src\Engine\Core\Mesh.h" />
    <ClInclude Include="src\Engine\Core\Node.h" />
    <ClInclude Include="src\Engine\Core\NodeTraverser.h" />
    <ClInclude Include="src\Engine\Core\RenderState.h" />
    <ClInclude Include="src\Engine\Core\Scene.h" />
    <ClInclude Include="src\Engine\Core\Shader.h" />
    <ClInclude Include="src\Engine\Core\Texture.h" />
    <ClInclude Include="src\Engine\Core\Transformable.h" />
    <ClInclude Include="src\Engine\Core\VertexBufferObject.h" />
    <ClInclude Include="src\Engine\Loader\Loader.h" />
    <ClInclude Include="src\Engine\Util\UserInputServer.h" />
    <ClInclude Include="src\Engine\Util\Util.h" />
    <ClInclude Include="src\Game\Behavior\CameraBehavior.h" />
    <ClInclude Include="src\Game\Behavior\MeshBehavior.h" />
    <ClInclude Include="src\Game\Loader\DummyLoader.h" />
    <ClInclude Include="src\Game\Loader\FileLoader.h" />
    <ClInclude Include="src\Game\Main\Game.h" />
  </ItemGroup>
</Project>